
Microsoft Visual Studio Solution File, Format Version 11.00
# Visual Studio 2010
Project("{FAE04EC0-301F-11D3-BF4B-00C04F79EFBC}") = "PlotExpression", "PlotExpression\PlotExpression.csproj", "{EDA39711-4224-4FB7-A9B5-40F6501C3263}"
EndProject
Global
	GlobalSection(SolutionConfigurationPlatforms) = preSolution
		Debug|x86 = Debug|x86
		Release|x86 = Release|x86
	EndGlobalSection
	GlobalSection(ProjectConfigurationPlatforms) = postSolution
		{EDA39711-4224-4FB7-A9B5-40F6501C3263}.Debug|x86.ActiveCfg = Debug|x86
		{EDA39711-4224-4FB7-A9B5-40F6501C3263}.Debug|x86.Build.0 = Debug|x86
		{EDA39711-4224-4FB7-A9B5-40F6501C3263}.Release|x86.ActiveCfg = Release|x86
		{EDA39711-4224-4FB7-A9B5-40F6501C3263}.Release|x86.Build.0 = Release|x86
	EndGlobalSection
	GlobalSection(SolutionProperties) = preSolution
		HideSolutionNode = FALSE
	EndGlobalSection
EndGlobal
